PODS:
  - DLRadioButton (1.4.12)
  - FSCalendar (2.7.9)

DEPENDENCIES:
  - DLRadioButton (~> 1.4)
  - FSCalendar

SPEC REPOS:
  https://github.com/cocoapods/specs.git:
    - DLRadioButton
    - FSCalendar

SPEC CHECKSUMS:
  DLRadioButton: d7c4e225ed0e8013cef7be61455230c7557ad7c1
  FSCalendar: a04b09f16f811bc92e82f3cf852a15225233b9d5

PODFILE CHECKSUM: 5979266833252d550e9159947ab20c248d06c135

COCOAPODS: 1.5.3
