// !$*UTF8*$!
{
	archiveVersion = 1;
	classes = {
	};
	objectVersion = 50;
	objects = {

/* Begin PBXBuildFile section */
		612D46C420FDDB300069C8DB /* MoneyBook.storyboard in Resources */ = {isa = PBXBuildFile; fileRef = 612D46C320FDDB300069C8DB /* MoneyBook.storyboard */; };
		612D46C620FDDB3F0069C8DB /* BucketList.storyboard in Resources */ = {isa = PBXBuildFile; fileRef = 612D46C520FDDB3F0069C8DB /* BucketList.storyboard */; };
		612D46C820FDDB470069C8DB /* Setting.storyboard in Resources */ = {isa = PBXBuildFile; fileRef = 612D46C720FDDB470069C8DB /* Setting.storyboard */; };
		A31BE33F20F627AC0005D365 /* AppDelegate.swift in Sources */ = {isa = PBXBuildFile; fileRef = A31BE33E20F627AC0005D365 /* AppDelegate.swift */; };
		A31BE34120F627AC0005D365 /* ViewController.swift in Sources */ = {isa = PBXBuildFile; fileRef = A31BE34020F627AC0005D365 /* ViewController.swift */; };
		A31BE34420F627AC0005D365 /* Main.storyboard in Resources */ = {isa = PBXBuildFile; fileRef = A31BE34220F627AC0005D365 /* Main.storyboard */; };
		A31BE34920F627AD0005D365 /* LaunchScreen.storyboard in Resources */ = {isa = PBXBuildFile; fileRef = A31BE34720F627AD0005D365 /* LaunchScreen.storyboard */; };
		A34C6B3121004E7800340796 /* BucketModel.swift in Sources */ = {isa = PBXBuildFile; fileRef = A34C6B3021004E7800340796 /* BucketModel.swift */; };
		A34C6B3521005E6A00340796 /* BucketViewController.swift in Sources */ = {isa = PBXBuildFile; fileRef = A34C6B3421005E6A00340796 /* BucketViewController.swift */; };
		A34C6B372100639B00340796 /* BucketSettingController.swift in Sources */ = {isa = PBXBuildFile; fileRef = A34C6B362100639B00340796 /* BucketSettingController.swift */; };
		A393178B20FF6EFF00B45C0E /* Assets.xcassets in Resources */ = {isa = PBXBuildFile; fileRef = A393178A20FF6EFF00B45C0E /* Assets.xcassets */; };
		A3E4AF1820FF8211000771BC /* BucketCell.swift in Sources */ = {isa = PBXBuildFile; fileRef = A3E4AF1720FF8211000771BC /* BucketCell.swift */; };
		E03CA4742101CB5E005EF278 /* HomeViewController.swift in Sources */ = {isa = PBXBuildFile; fileRef = E03CA4732101CB5E005EF278 /* HomeViewController.swift */; };
		E04F1C7E20FF107900DFE473 /* Home.storyboard in Resources */ = {isa = PBXBuildFile; fileRef = 612D46C120FDDB190069C8DB /* Home.storyboard */; };
		E056896D20FEE3C200F1D5BC /* CHTableViewControllers.swift in Sources */ = {isa = PBXBuildFile; fileRef = E056896120FEE3C100F1D5BC /* CHTableViewControllers.swift */; };
		E056896E20FEE3C200F1D5BC /* NavigationControllers.swift in Sources */ = {isa = PBXBuildFile; fileRef = E056896220FEE3C100F1D5BC /* NavigationControllers.swift */; };
		E056896F20FEE3C200F1D5BC /* CHModalViewController.swift in Sources */ = {isa = PBXBuildFile; fileRef = E056896320FEE3C100F1D5BC /* CHModalViewController.swift */; };
		E056897020FEE3C200F1D5BC /* DrawingCanvasView.swift in Sources */ = {isa = PBXBuildFile; fileRef = E056896420FEE3C100F1D5BC /* DrawingCanvasView.swift */; };
		E056897120FEE3C200F1D5BC /* CHViews.swift in Sources */ = {isa = PBXBuildFile; fileRef = E056896520FEE3C100F1D5BC /* CHViews.swift */; };
		E056897220FEE3C200F1D5BC /* CHControls.swift in Sources */ = {isa = PBXBuildFile; fileRef = E056896620FEE3C100F1D5BC /* CHControls.swift */; };
		E056897320FEE3C200F1D5BC /* SwipeActionTableViewCell.swift in Sources */ = {isa = PBXBuildFile; fileRef = E056896720FEE3C100F1D5BC /* SwipeActionTableViewCell.swift */; };
		E056897420FEE3C200F1D5BC /* CHPickerViewController.swift in Sources */ = {isa = PBXBuildFile; fileRef = E056896820FEE3C100F1D5BC /* CHPickerViewController.swift */; };
		E056897520FEE3C200F1D5BC /* CHPagingScrollViewController.swift in Sources */ = {isa = PBXBuildFile; fileRef = E056896920FEE3C100F1D5BC /* CHPagingScrollViewController.swift */; };
		E056897620FEE3C200F1D5BC /* CHContentViewController.swift in Sources */ = {isa = PBXBuildFile; fileRef = E056896A20FEE3C200F1D5BC /* CHContentViewController.swift */; };
		E056897720FEE3C200F1D5BC /* RecordButton.swift in Sources */ = {isa = PBXBuildFile; fileRef = E056896B20FEE3C200F1D5BC /* RecordButton.swift */; };
		E056897820FEE3C200F1D5BC /* FIlters.swift in Sources */ = {isa = PBXBuildFile; fileRef = E056896C20FEE3C200F1D5BC /* FIlters.swift */; };
		E056897A20FEE3DF00F1D5BC /* UIViewController+Navigation.swift in Sources */ = {isa = PBXBuildFile; fileRef = E056897920FEE3DE00F1D5BC /* UIViewController+Navigation.swift */; };
/* End PBXBuildFile section */

/* Begin PBXFileReference section */
		612D46C120FDDB190069C8DB /* Home.storyboard */ = {isa = PBXFileReference; lastKnownFileType = file.storyboard; path = Home.storyboard; sourceTree = "<group>"; };
		612D46C320FDDB300069C8DB /* MoneyBook.storyboard */ = {isa = PBXFileReference; lastKnownFileType = file.storyboard; path = MoneyBook.storyboard; sourceTree = "<group>"; };
		612D46C520FDDB3F0069C8DB /* BucketList.storyboard */ = {isa = PBXFileReference; lastKnownFileType = file.storyboard; path = BucketList.storyboard; sourceTree = "<group>"; };
		612D46C720FDDB470069C8DB /* Setting.storyboard */ = {isa = PBXFileReference; lastKnownFileType = file.storyboard; path = Setting.storyboard; sourceTree = "<group>"; };
		A31BE33B20F627AC0005D365 /* MoneySaver.app */ = {isa = PBXFileReference; explicitFileType = wrapper.application; includeInIndex = 0; path = MoneySaver.app; sourceTree = BUILT_PRODUCTS_DIR; };
		A31BE33E20F627AC0005D365 /* AppDelegate.swift */ = {isa = PBXFileReference; lastKnownFileType = sourcecode.swift; path = AppDelegate.swift; sourceTree = "<group>"; };
		A31BE34020F627AC0005D365 /* ViewController.swift */ = {isa = PBXFileReference; lastKnownFileType = sourcecode.swift; path = ViewController.swift; sourceTree = "<group>"; };
		A31BE34320F627AC0005D365 /* Base */ = {isa = PBXFileReference; lastKnownFileType = file.storyboard; name = Base; path = Base.lproj/Main.storyboard; sourceTree = "<group>"; };
		A31BE34820F627AD0005D365 /* Base */ = {isa = PBXFileReference; lastKnownFileType = file.storyboard; name = Base; path = Base.lproj/LaunchScreen.storyboard; sourceTree = "<group>"; };
		A31BE34A20F627AD0005D365 /* Info.plist */ = {isa = PBXFileReference; lastKnownFileType = text.plist.xml; path = Info.plist; sourceTree = "<group>"; };
		A34C6B3021004E7800340796 /* BucketModel.swift */ = {isa = PBXFileReference; lastKnownFileType = sourcecode.swift; path = BucketModel.swift; sourceTree = "<group>"; };
		A34C6B3421005E6A00340796 /* BucketViewController.swift */ = {isa = PBXFileReference; lastKnownFileType = sourcecode.swift; path = BucketViewController.swift; sourceTree = "<group>"; };
		A34C6B362100639B00340796 /* BucketSettingController.swift */ = {isa = PBXFileReference; lastKnownFileType = sourcecode.swift; path = BucketSettingController.swift; sourceTree = "<group>"; };
		A393178A20FF6EFF00B45C0E /* Assets.xcassets */ = {isa = PBXFileReference; lastKnownFileType = folder.assetcatalog; path = Assets.xcassets; sourceTree = "<group>"; };
		A3E4AF1720FF8211000771BC /* BucketCell.swift */ = {isa = PBXFileReference; lastKnownFileType = sourcecode.swift; path = BucketCell.swift; sourceTree = "<group>"; };
		E03CA4732101CB5E005EF278 /* HomeViewController.swift */ = {isa = PBXFileReference; lastKnownFileType = sourcecode.swift; path = HomeViewController.swift; sourceTree = "<group>"; };
		E056896120FEE3C100F1D5BC /* CHTableViewControllers.swift */ = {isa = PBXFileReference; fileEncoding = 4; lastKnownFileType = sourcecode.swift; path = CHTableViewControllers.swift; sourceTree = "<group>"; };
		E056896220FEE3C100F1D5BC /* NavigationControllers.swift */ = {isa = PBXFileReference; fileEncoding = 4; lastKnownFileType = sourcecode.swift; path = NavigationControllers.swift; sourceTree = "<group>"; };
		E056896320FEE3C100F1D5BC /* CHModalViewController.swift */ = {isa = PBXFileReference; fileEncoding = 4; lastKnownFileType = sourcecode.swift; path = CHModalViewController.swift; sourceTree = "<group>"; };
		E056896420FEE3C100F1D5BC /* DrawingCanvasView.swift */ = {isa = PBXFileReference; fileEncoding = 4; lastKnownFileType = sourcecode.swift; path = DrawingCanvasView.swift; sourceTree = "<group>"; };
		E056896520FEE3C100F1D5BC /* CHViews.swift */ = {isa = PBXFileReference; fileEncoding = 4; lastKnownFileType = sourcecode.swift; path = CHViews.swift; sourceTree = "<group>"; };
		E056896620FEE3C100F1D5BC /* CHControls.swift */ = {isa = PBXFileReference; fileEncoding = 4; lastKnownFileType = sourcecode.swift; path = CHControls.swift; sourceTree = "<group>"; };
		E056896720FEE3C100F1D5BC /* SwipeActionTableViewCell.swift */ = {isa = PBXFileReference; fileEncoding = 4; lastKnownFileType = sourcecode.swift; path = SwipeActionTableViewCell.swift; sourceTree = "<group>"; };
		E056896820FEE3C100F1D5BC /* CHPickerViewController.swift */ = {isa = PBXFileReference; fileEncoding = 4; lastKnownFileType = sourcecode.swift; path = CHPickerViewController.swift; sourceTree = "<group>"; };
		E056896920FEE3C100F1D5BC /* CHPagingScrollViewController.swift */ = {isa = PBXFileReference; fileEncoding = 4; lastKnownFileType = sourcecode.swift; path = CHPagingScrollViewController.swift; sourceTree = "<group>"; };
		E056896A20FEE3C200F1D5BC /* CHContentViewController.swift */ = {isa = PBXFileReference; fileEncoding = 4; lastKnownFileType = sourcecode.swift; path = CHContentViewController.swift; sourceTree = "<group>"; };
		E056896B20FEE3C200F1D5BC /* RecordButton.swift */ = {isa = PBXFileReference; fileEncoding = 4; lastKnownFileType = sourcecode.swift; path = RecordButton.swift; sourceTree = "<group>"; };
		E056896C20FEE3C200F1D5BC /* FIlters.swift */ = {isa = PBXFileReference; fileEncoding = 4; lastKnownFileType = sourcecode.swift; path = FIlters.swift; sourceTree = "<group>"; };
		E056897920FEE3DE00F1D5BC /* UIViewController+Navigation.swift */ = {isa = PBXFileReference; fileEncoding = 4; lastKnownFileType = sourcecode.swift; path = "UIViewController+Navigation.swift"; sourceTree = "<group>"; };
/* End PBXFileReference section */

/* Begin PBXFrameworksBuildPhase section */
		A31BE33820F627AB0005D365 /* Frameworks */ = {
			isa = PBXFrameworksBuildPhase;
			buildActionMask = 2147483647;
			files = (
			);
			runOnlyForDeploymentPostprocessing = 0;
		};
/* End PBXFrameworksBuildPhase section */

/* Begin PBXGroup section */
		5921D57920F6E13000C7F711 /* PP */ = {
			isa = PBXGroup;
			children = (
				E056897920FEE3DE00F1D5BC /* UIViewController+Navigation.swift */,
				E056896A20FEE3C200F1D5BC /* CHContentViewController.swift */,
				E056896620FEE3C100F1D5BC /* CHControls.swift */,
				E056896320FEE3C100F1D5BC /* CHModalViewController.swift */,
				E056896920FEE3C100F1D5BC /* CHPagingScrollViewController.swift */,
				E056896820FEE3C100F1D5BC /* CHPickerViewController.swift */,
				E056896120FEE3C100F1D5BC /* CHTableViewControllers.swift */,
				E056896520FEE3C100F1D5BC /* CHViews.swift */,
				E056896420FEE3C100F1D5BC /* DrawingCanvasView.swift */,
				E056896C20FEE3C200F1D5BC /* FIlters.swift */,
				E056896220FEE3C100F1D5BC /* NavigationControllers.swift */,
				E056896B20FEE3C200F1D5BC /* RecordButton.swift */,
				E056896720FEE3C100F1D5BC /* SwipeActionTableViewCell.swift */,
			);
			path = PP;
			sourceTree = "<group>";
		};
		A31BE33220F627AB0005D365 = {
			isa = PBXGroup;
			children = (
				A31BE33D20F627AC0005D365 /* MoneySaver */,
				A31BE33C20F627AC0005D365 /* Products */,
			);
			sourceTree = "<group>";
		};
		A31BE33C20F627AC0005D365 /* Products */ = {
			isa = PBXGroup;
			children = (
				A31BE33B20F627AC0005D365 /* MoneySaver.app */,
			);
			name = Products;
			sourceTree = "<group>";
		};
		A31BE33D20F627AC0005D365 /* MoneySaver */ = {
			isa = PBXGroup;
			children = (
				5921D57920F6E13000C7F711 /* PP */,
				612D46C120FDDB190069C8DB /* Home.storyboard */,
				612D46C320FDDB300069C8DB /* MoneyBook.storyboard */,
				612D46C520FDDB3F0069C8DB /* BucketList.storyboard */,
				612D46C720FDDB470069C8DB /* Setting.storyboard */,
				A31BE33E20F627AC0005D365 /* AppDelegate.swift */,
				A31BE34020F627AC0005D365 /* ViewController.swift */,
				A31BE34220F627AC0005D365 /* Main.storyboard */,
				A31BE34720F627AD0005D365 /* LaunchScreen.storyboard */,
				A31BE34A20F627AD0005D365 /* Info.plist */,
				A393178A20FF6EFF00B45C0E /* Assets.xcassets */,
				A3E4AF1720FF8211000771BC /* BucketCell.swift */,
				A34C6B3021004E7800340796 /* BucketModel.swift */,
				A34C6B3421005E6A00340796 /* BucketViewController.swift */,
				A34C6B362100639B00340796 /* BucketSettingController.swift */,
				E03CA4732101CB5E005EF278 /* HomeViewController.swift */,
			);
			path = MoneySaver;
			sourceTree = "<group>";
		};
/* End PBXGroup section */

/* Begin PBXNativeTarget section */
		A31BE33A20F627AB0005D365 /* MoneySaver */ = {
			isa = PBXNativeTarget;
			buildConfigurationList = A31BE34D20F627AD0005D365 /* Build configuration list for PBXNativeTarget "MoneySaver" */;
			buildPhases = (
				A31BE33720F627AB0005D365 /* Sources */,
				A31BE33820F627AB0005D365 /* Frameworks */,
				A31BE33920F627AB0005D365 /* Resources */,
			);
			buildRules = (
			);
			dependencies = (
			);
			name = MoneySaver;
			productName = MoneySaver;
			productReference = A31BE33B20F627AC0005D365 /* MoneySaver.app */;
			productType = "com.apple.product-type.application";
		};
/* End PBXNativeTarget section */

/* Begin PBXProject section */
		A31BE33320F627AB0005D365 /* Project object */ = {
			isa = PBXProject;
			attributes = {
				LastSwiftUpdateCheck = 0940;
				LastUpgradeCheck = 0940;
				ORGANIZATIONNAME = "홍정민";
				TargetAttributes = {
					A31BE33A20F627AB0005D365 = {
						CreatedOnToolsVersion = 9.4.1;
					};
				};
			};
			buildConfigurationList = A31BE33620F627AB0005D365 /* Build configuration list for PBXProject "MoneySaver" */;
			compatibilityVersion = "Xcode 9.3";
			developmentRegion = en;
			hasScannedForEncodings = 0;
			knownRegions = (
				en,
				Base,
			);
			mainGroup = A31BE33220F627AB0005D365;
			productRefGroup = A31BE33C20F627AC0005D365 /* Products */;
			projectDirPath = "";
			projectRoot = "";
			targets = (
				A31BE33A20F627AB0005D365 /* MoneySaver */,
			);
		};
/* End PBXProject section */

/* Begin PBXResourcesBuildPhase section */
		A31BE33920F627AB0005D365 /* Resources */ = {
			isa = PBXResourcesBuildPhase;
			buildActionMask = 2147483647;
			files = (
				612D46C620FDDB3F0069C8DB /* BucketList.storyboard in Resources */,
				A31BE34920F627AD0005D365 /* LaunchScreen.storyboard in Resources */,
				E04F1C7E20FF107900DFE473 /* Home.storyboard in Resources */,
				612D46C820FDDB470069C8DB /* Setting.storyboard in Resources */,
				A393178B20FF6EFF00B45C0E /* Assets.xcassets in Resources */,
				612D46C420FDDB300069C8DB /* MoneyBook.storyboard in Resources */,
				A31BE34420F627AC0005D365 /* Main.storyboard in Resources */,
			);
			runOnlyForDeploymentPostprocessing = 0;
		};
/* End PBXResourcesBuildPhase section */

/* Begin PBXSourcesBuildPhase section */
		A31BE33720F627AB0005D365 /* Sources */ = {
			isa = PBXSourcesBuildPhase;
			buildActionMask = 2147483647;
			files = (
				E056897320FEE3C200F1D5BC /* SwipeActionTableViewCell.swift in Sources */,
				E056897820FEE3C200F1D5BC /* FIlters.swift in Sources */,
				A34C6B3521005E6A00340796 /* BucketViewController.swift in Sources */,
				E056896D20FEE3C200F1D5BC /* CHTableViewControllers.swift in Sources */,
				E056896E20FEE3C200F1D5BC /* NavigationControllers.swift in Sources */,
				E056897220FEE3C200F1D5BC /* CHControls.swift in Sources */,
				E056897720FEE3C200F1D5BC /* RecordButton.swift in Sources */,
				E056897A20FEE3DF00F1D5BC /* UIViewController+Navigation.swift in Sources */,
				A31BE34120F627AC0005D365 /* ViewController.swift in Sources */,
				E056897120FEE3C200F1D5BC /* CHViews.swift in Sources */,
				A3E4AF1820FF8211000771BC /* BucketCell.swift in Sources */,
				A31BE33F20F627AC0005D365 /* AppDelegate.swift in Sources */,
				A34C6B372100639B00340796 /* BucketSettingController.swift in Sources */,
				E056896F20FEE3C200F1D5BC /* CHModalViewController.swift in Sources */,
				E056897520FEE3C200F1D5BC /* CHPagingScrollViewController.swift in Sources */,
				E03CA4742101CB5E005EF278 /* HomeViewController.swift in Sources */,
				E056897620FEE3C200F1D5BC /* CHContentViewController.swift in Sources */,
				A34C6B3121004E7800340796 /* BucketModel.swift in Sources */,
				E056897020FEE3C200F1D5BC /* DrawingCanvasView.swift in Sources */,
				E056897420FEE3C200F1D5BC /* CHPickerViewController.swift in Sources */,
			);
			runOnlyForDeploymentPostprocessing = 0;
		};
/* End PBXSourcesBuildPhase section */

/* Begin PBXVariantGroup section */
		A31BE34220F627AC0005D365 /* Main.storyboard */ = {
			isa = PBXVariantGroup;
			children = (
				A31BE34320F627AC0005D365 /* Base */,
			);
			name = Main.storyboard;
			sourceTree = "<group>";
		};
		A31BE34720F627AD0005D365 /* LaunchScreen.storyboard */ = {
			isa = PBXVariantGroup;
			children = (
				A31BE34820F627AD0005D365 /* Base */,
			);
			name = LaunchScreen.storyboard;
			sourceTree = "<group>";
		};
/* End PBXVariantGroup section */

/* Begin XCBuildConfiguration section */
		A31BE34B20F627AD0005D365 /* Debug */ = {
			isa = XCBuildConfiguration;
			buildSettings = {
				ALWAYS_SEARCH_USER_PATHS = NO;
				CLANG_ANALYZER_NONNULL = YES;
				CLANG_ANALYZER_NUMBER_OBJECT_CONVERSION = YES_AGGRESSIVE;
				CLANG_CXX_LANGUAGE_STANDARD = "gnu++14";
				CLANG_CXX_LIBRARY = "libc++";
				CLANG_ENABLE_MODULES = YES;
				CLANG_ENABLE_OBJC_ARC = YES;
				CLANG_ENABLE_OBJC_WEAK = YES;
				CLANG_WARN_BLOCK_CAPTURE_AUTORELEASING = YES;
				CLANG_WARN_BOOL_CONVERSION = YES;
				CLANG_WARN_COMMA = YES;
				CLANG_WARN_CONSTANT_CONVERSION = YES;
				CLANG_WARN_DEPRECATED_OBJC_IMPLEMENTATIONS = YES;
				CLANG_WARN_DIRECT_OBJC_ISA_USAGE = YES_ERROR;
				CLANG_WARN_DOCUMENTATION_COMMENTS = YES;
				CLANG_WARN_EMPTY_BODY = YES;
				CLANG_WARN_ENUM_CONVERSION = YES;
				CLANG_WARN_INFINITE_RECURSION = YES;
				CLANG_WARN_INT_CONVERSION = YES;
				CLANG_WARN_NON_LITERAL_NULL_CONVERSION = YES;
				CLANG_WARN_OBJC_IMPLICIT_RETAIN_SELF = YES;
				CLANG_WARN_OBJC_LITERAL_CONVERSION = YES;
				CLANG_WARN_OBJC_ROOT_CLASS = YES_ERROR;
				CLANG_WARN_RANGE_LOOP_ANALYSIS = YES;
				CLANG_WARN_STRICT_PROTOTYPES = YES;
				CLANG_WARN_SUSPICIOUS_MOVE = YES;
				CLANG_WARN_UNGUARDED_AVAILABILITY = YES_AGGRESSIVE;
				CLANG_WARN_UNREACHABLE_CODE = YES;
				CLANG_WARN__DUPLICATE_METHOD_MATCH = YES;
				CODE_SIGN_IDENTITY = "iPhone Developer";
				COPY_PHASE_STRIP = NO;
				DEBUG_INFORMATION_FORMAT = dwarf;
				ENABLE_STRICT_OBJC_MSGSEND = YES;
				ENABLE_TESTABILITY = YES;
				GCC_C_LANGUAGE_STANDARD = gnu11;
				GCC_DYNAMIC_NO_PIC = NO;
				GCC_NO_COMMON_BLOCKS = YES;
				GCC_OPTIMIZATION_LEVEL = 0;
				GCC_PREPROCESSOR_DEFINITIONS = (
					"DEBUG=1",
					"$(inherited)",
				);
				GCC_WARN_64_TO_32_BIT_CONVERSION = YES;
				GCC_WARN_ABOUT_RETURN_TYPE = YES_ERROR;
				GCC_WARN_UNDECLARED_SELECTOR = YES;
				GCC_WARN_UNINITIALIZED_AUTOS = YES_AGGRESSIVE;
				GCC_WARN_UNUSED_FUNCTION = YES;
				GCC_WARN_UNUSED_VARIABLE = YES;
				IPHONEOS_DEPLOYMENT_TARGET = 11.4;
				MTL_ENABLE_DEBUG_INFO = YES;
				ONLY_ACTIVE_ARCH = YES;
				SDKROOT = iphoneos;
				SWIFT_ACTIVE_COMPILATION_CONDITIONS = DEBUG;
				SWIFT_OPTIMIZATION_LEVEL = "-Onone";
			};
			name = Debug;
		};
		A31BE34C20F627AD0005D365 /* Release */ = {
			isa = XCBuildConfiguration;
			buildSettings = {
				ALWAYS_SEARCH_USER_PATHS = NO;
				CLANG_ANALYZER_NONNULL = YES;
				CLANG_ANALYZER_NUMBER_OBJECT_CONVERSION = YES_AGGRESSIVE;
				CLANG_CXX_LANGUAGE_STANDARD = "gnu++14";
				CLANG_CXX_LIBRARY = "libc++";
				CLANG_ENABLE_MODULES = YES;
				CLANG_ENABLE_OBJC_ARC = YES;
				CLANG_ENABLE_OBJC_WEAK = YES;
				CLANG_WARN_BLOCK_CAPTURE_AUTORELEASING = YES;
				CLANG_WARN_BOOL_CONVERSION = YES;
				CLANG_WARN_COMMA = YES;
				CLANG_WARN_CONSTANT_CONVERSION = YES;
				CLANG_WARN_DEPRECATED_OBJC_IMPLEMENTATIONS = YES;
				CLANG_WARN_DIRECT_OBJC_ISA_USAGE = YES_ERROR;
				CLANG_WARN_DOCUMENTATION_COMMENTS = YES;
				CLANG_WARN_EMPTY_BODY = YES;
				CLANG_WARN_ENUM_CONVERSION = YES;
				CLANG_WARN_INFINITE_RECURSION = YES;
				CLANG_WARN_INT_CONVERSION = YES;
				CLANG_WARN_NON_LITERAL_NULL_CONVERSION = YES;
				CLANG_WARN_OBJC_IMPLICIT_RETAIN_SELF = YES;
				CLANG_WARN_OBJC_LITERAL_CONVERSION = YES;
				CLANG_WARN_OBJC_ROOT_CLASS = YES_ERROR;
				CLANG_WARN_RANGE_LOOP_ANALYSIS = YES;
				CLANG_WARN_STRICT_PROTOTYPES = YES;
				CLANG_WARN_SUSPICIOUS_MOVE = YES;
				CLANG_WARN_UNGUARDED_AVAILABILITY = YES_AGGRESSIVE;
				CLANG_WARN_UNREACHABLE_CODE = YES;
				CLANG_WARN__DUPLICATE_METHOD_MATCH = YES;
				CODE_SIGN_IDENTITY = "iPhone Developer";
				COPY_PHASE_STRIP = NO;
				DEBUG_INFORMATION_FORMAT = "dwarf-with-dsym";
				ENABLE_NS_ASSERTIONS = NO;
				ENABLE_STRICT_OBJC_MSGSEND = YES;
				GCC_C_LANGUAGE_STANDARD = gnu11;
				GCC_NO_COMMON_BLOCKS = YES;
				GCC_WARN_64_TO_32_BIT_CONVERSION = YES;
				GCC_WARN_ABOUT_RETURN_TYPE = YES_ERROR;
				GCC_WARN_UNDECLARED_SELECTOR = YES;
				GCC_WARN_UNINITIALIZED_AUTOS = YES_AGGRESSIVE;
				GCC_WARN_UNUSED_FUNCTION = YES;
				GCC_WARN_UNUSED_VARIABLE = YES;
				IPHONEOS_DEPLOYMENT_TARGET = 11.4;
				MTL_ENABLE_DEBUG_INFO = NO;
				SDKROOT = iphoneos;
				SWIFT_COMPILATION_MODE = wholemodule;
				SWIFT_OPTIMIZATION_LEVEL = "-O";
				VALIDATE_PRODUCT = YES;
			};
			name = Release;
		};
		A31BE34E20F627AD0005D365 /* Debug */ = {
			isa = XCBuildConfiguration;
			buildSettings = {
				ASSETCATALOG_COMPILER_APPICON_NAME = AppIcon;
				CODE_SIGN_STYLE = Automatic;
				INFOPLIST_FILE = MoneySaver/Info.plist;
				LD_RUNPATH_SEARCH_PATHS = (
					"$(inherited)",
					"@executable_path/Frameworks",
				);
				PRODUCT_BUNDLE_IDENTIFIER = jmzzang.MoneySaver;
				PRODUCT_NAME = "$(TARGET_NAME)";
				SWIFT_VERSION = 4.0;
				TARGETED_DEVICE_FAMILY = "1,2";
			};
			name = Debug;
		};
		A31BE34F20F627AD0005D365 /* Release */ = {
			isa = XCBuildConfiguration;
			buildSettings = {
				ASSETCATALOG_COMPILER_APPICON_NAME = AppIcon;
				CODE_SIGN_STYLE = Automatic;
				INFOPLIST_FILE = MoneySaver/Info.plist;
				LD_RUNPATH_SEARCH_PATHS = (
					"$(inherited)",
					"@executable_path/Frameworks",
				);
				PRODUCT_BUNDLE_IDENTIFIER = jmzzang.MoneySaver;
				PRODUCT_NAME = "$(TARGET_NAME)";
				SWIFT_VERSION = 4.0;
				TARGETED_DEVICE_FAMILY = "1,2";
			};
			name = Release;
		};
/* End XCBuildConfiguration section */

/* Begin XCConfigurationList section */
		A31BE33620F627AB0005D365 /* Build configuration list for PBXProject "MoneySaver" */ = {
			isa = XCConfigurationList;
			buildConfigurations = (
				A31BE34B20F627AD0005D365 /* Debug */,
				A31BE34C20F627AD0005D365 /* Release */,
			);
			defaultConfigurationIsVisible = 0;
			defaultConfigurationName = Release;
		};
		A31BE34D20F627AD0005D365 /* Build configuration list for PBXNativeTarget "MoneySaver" */ = {
			isa = XCConfigurationList;
			buildConfigurations = (
				A31BE34E20F627AD0005D365 /* Debug */,
				A31BE34F20F627AD0005D365 /* Release */,
			);
			defaultConfigurationIsVisible = 0;
			defaultConfigurationName = Release;
		};
/* End XCConfigurationList section */
	};
	rootObject = A31BE33320F627AB0005D365 /* Project object */;
}
